
Microsoft Visual Studio Solution File, Format Version 12.00
# Visual Studio Version 17
VisualStudioVersion = 17.5.33530.505
MinimumVisualStudioVersion = 10.0.40219.1
Project("{FAE04EC0-301F-11D3-BF4B-00C04F79EFBC}") = "Graph7", "Graph7\Graph7.csproj", "{7FAA1248-DC96-4FEC-B5C1-FDC7005E93A5}"
EndProject
Global
	GlobalSection(SolutionConfigurationPlatforms) = preSolution
		Debug|Any CPU = Debug|Any CPU
		Release|Any CPU = Release|Any CPU
	EndGlobalSection
	GlobalSection(ProjectConfigurationPlatforms) = postSolution
		{7FAA1248-DC96-4FEC-B5C1-FDC7005E93A5}.Debug|Any CPU.ActiveCfg = Debug|Any CPU
		{7FAA1248-DC96-4FEC-B5C1-FDC7005E93A5}.Debug|Any CPU.Build.0 = Debug|Any CPU
		{7FAA1248-DC96-4FEC-B5C1-FDC7005E93A5}.Release|Any CPU.ActiveCfg = Release|Any CPU
		{7FAA1248-DC96-4FEC-B5C1-FDC7005E93A5}.Release|Any CPU.Build.0 = Release|Any CPU
	EndGlobalSection
	GlobalSection(SolutionProperties) = preSolution
		HideSolutionNode = FALSE
	EndGlobalSection
	GlobalSection(ExtensibilityGlobals) = postSolution
		SolutionGuid = {921F9E22-6CCA-4F78-A485-03DB4E734C1F}
	EndGlobalSection
EndGlobal
