
Microsoft Visual Studio Solution File, Format Version 12.00
# Visual Studio Version 17
VisualStudioVersion = 17.1.32210.238
MinimumVisualStudioVersion = 10.0.40219.1
Project("{FAE04EC0-301F-11D3-BF4B-00C04F79EFBC}") = "Graphs", "Graphs\Graphs.csproj", "{4DED36C5-2CC6-4B5A-8D63-D419AD470ACF}"
EndProject
Global
	GlobalSection(SolutionConfigurationPlatforms) = preSolution
		Debug|Any CPU = Debug|Any CPU
		Release|Any CPU = Release|Any CPU
	EndGlobalSection
	GlobalSection(ProjectConfigurationPlatforms) = postSolution
		{4DED36C5-2CC6-4B5A-8D63-D419AD470ACF}.Debug|Any CPU.ActiveCfg = Debug|Any CPU
		{4DED36C5-2CC6-4B5A-8D63-D419AD470ACF}.Debug|Any CPU.Build.0 = Debug|Any CPU
		{4DED36C5-2CC6-4B5A-8D63-D419AD470ACF}.Release|Any CPU.ActiveCfg = Release|Any CPU
		{4DED36C5-2CC6-4B5A-8D63-D419AD470ACF}.Release|Any CPU.Build.0 = Release|Any CPU
	EndGlobalSection
	GlobalSection(SolutionProperties) = preSolution
		HideSolutionNode = FALSE
	EndGlobalSection
	GlobalSection(ExtensibilityGlobals) = postSolution
		SolutionGuid = {117CF274-9516-46EC-BD11-7C1C78087D45}
	EndGlobalSection
EndGlobal
